
Microsoft Visual Studio Solution File, Format Version 11.00
# Visual Studio 2010
Project("{8BC9CEB8-8B4A-11D0-8D11-00A0C91BC942}") = "yinhangjia_0.15.0", "yinhangjia_0.15.0\yinhangjia_0.15.0.vcxproj", "{9AF361CE-5F10-4D14-9A35-CD5A4C0D0167}"
EndProject
Global
	GlobalSection(SolutionConfigurationPlatforms) = preSolution
		Debug|Win32 = Debug|Win32
		Release|Win32 = Release|Win32
	EndGlobalSection
	GlobalSection(ProjectConfigurationPlatforms) = postSolution
		{9AF361CE-5F10-4D14-9A35-CD5A4C0D0167}.Debug|Win32.ActiveCfg = Debug|Win32
		{9AF361CE-5F10-4D14-9A35-CD5A4C0D0167}.Debug|Win32.Build.0 = Debug|Win32
		{9AF361CE-5F10-4D14-9A35-CD5A4C0D0167}.Release|Win32.ActiveCfg = Release|Win32
		{9AF361CE-5F10-4D14-9A35-CD5A4C0D0167}.Release|Win32.Build.0 = Release|Win32
	EndGlobalSection
	GlobalSection(SolutionProperties) = preSolution
		HideSolutionNode = FALSE
	EndGlobalSection
EndGlobal
